
Microsoft Visual Studio Solution File, Format Version 12.00
# Visual Studio Version 17
VisualStudioVersion = 17.13.35818.85 d17.13
MinimumVisualStudioVersion = 10.0.40219.1
Project("{FAE04EC0-301F-11D3-BF4B-00C04F79EFBC}") = "windows_app_practice", "windows_app_practice\windows_app_practice.csproj", "{EEDBBB04-88F1-4D2D-9829-196ABC84E51D}"
EndProject
Global
	GlobalSection(SolutionConfigurationPlatforms) = preSolution
		Debug|Any CPU = Debug|Any CPU
		Release|Any CPU = Release|Any CPU
	EndGlobalSection
	GlobalSection(ProjectConfigurationPlatforms) = postSolution
		{EEDBBB04-88F1-4D2D-9829-196ABC84E51D}.Debug|Any CPU.ActiveCfg = Debug|Any CPU
		{EEDBBB04-88F1-4D2D-9829-196ABC84E51D}.Debug|Any CPU.Build.0 = Debug|Any CPU
		{EEDBBB04-88F1-4D2D-9829-196ABC84E51D}.Release|Any CPU.ActiveCfg = Release|Any CPU
		{EEDBBB04-88F1-4D2D-9829-196ABC84E51D}.Release|Any CPU.Build.0 = Release|Any CPU
	EndGlobalSection
	GlobalSection(SolutionProperties) = preSolution
		HideSolutionNode = FALSE
	EndGlobalSection
	GlobalSection(ExtensibilityGlobals) = postSolution
		SolutionGuid = {5D4CE6B2-FAC9-4921-B2F9-86BE3E4469EA}
	EndGlobalSection
EndGlobal
