
Microsoft Visual Studio Solution File, Format Version 12.00
# Visual Studio Version 17
VisualStudioVersion = 17.13.35818.85 d17.13
MinimumVisualStudioVersion = 10.0.40219.1
Project("{FAE04EC0-301F-11D3-BF4B-00C04F79EFBC}") = "ConsoleApp1", "ConsoleApp1\ConsoleApp1.csproj", "{FE055852-D3CD-40A1-8E17-807525C04A12}"
EndProject
Project("{FAE04EC0-301F-11D3-BF4B-00C04F79EFBC}") = "ConsoleApp2", "ConsoleApp2\ConsoleApp2.csproj", "{020A47D1-A4FC-4FC7-B368-E376ABFFB5CA}"
EndProject
Global
	GlobalSection(SolutionConfigurationPlatforms) = preSolution
		Debug|Any CPU = Debug|Any CPU
		Release|Any CPU = Release|Any CPU
	EndGlobalSection
	GlobalSection(ProjectConfigurationPlatforms) = postSolution
		{FE055852-D3CD-40A1-8E17-807525C04A12}.Debug|Any CPU.ActiveCfg = Debug|Any CPU
		{FE055852-D3CD-40A1-8E17-807525C04A12}.Debug|Any CPU.Build.0 = Debug|Any CPU
		{FE055852-D3CD-40A1-8E17-807525C04A12}.Release|Any CPU.ActiveCfg = Release|Any CPU
		{FE055852-D3CD-40A1-8E17-807525C04A12}.Release|Any CPU.Build.0 = Release|Any CPU
		{020A47D1-A4FC-4FC7-B368-E376ABFFB5CA}.Debug|Any CPU.ActiveCfg = Debug|Any CPU
		{020A47D1-A4FC-4FC7-B368-E376ABFFB5CA}.Debug|Any CPU.Build.0 = Debug|Any CPU
		{020A47D1-A4FC-4FC7-B368-E376ABFFB5CA}.Release|Any CPU.ActiveCfg = Release|Any CPU
		{020A47D1-A4FC-4FC7-B368-E376ABFFB5CA}.Release|Any CPU.Build.0 = Release|Any CPU
	EndGlobalSection
	GlobalSection(SolutionProperties) = preSolution
		HideSolutionNode = FALSE
	EndGlobalSection
	GlobalSection(ExtensibilityGlobals) = postSolution
		SolutionGuid = {A4226ABD-95AE-44F4-B498-83E677043FBF}
	EndGlobalSection
EndGlobal
